
Microsoft Visual Studio Solution File, Format Version 12.00
# Visual Studio Version 17
VisualStudioVersion = 17.8.34330.188
MinimumVisualStudioVersion = 10.0.40219.1
Project("{FAE04EC0-301F-11D3-BF4B-00C04F79EFBC}") = "RedirectRequestFunction", "RedirectRequestFunction.csproj", "{2C110C1C-9933-43C2-AFBD-830548E77CAF}"
EndProject
Global
	GlobalSection(SolutionConfigurationPlatforms) = preSolution
		Debug|Any CPU = Debug|Any CPU
		Release|Any CPU = Release|Any CPU
	EndGlobalSection
	GlobalSection(ProjectConfigurationPlatforms) = postSolution
		{2C110C1C-9933-43C2-AFBD-830548E77CAF}.Debug|Any CPU.ActiveCfg = Debug|Any CPU
		{2C110C1C-9933-43C2-AFBD-830548E77CAF}.Debug|Any CPU.Build.0 = Debug|Any CPU
		{2C110C1C-9933-43C2-AFBD-830548E77CAF}.Release|Any CPU.ActiveCfg = Release|Any CPU
		{2C110C1C-9933-43C2-AFBD-830548E77CAF}.Release|Any CPU.Build.0 = Release|Any CPU
	EndGlobalSection
	GlobalSection(SolutionProperties) = preSolution
		HideSolutionNode = FALSE
	EndGlobalSection
	GlobalSection(ExtensibilityGlobals) = postSolution
		SolutionGuid = {DDD36400-6AA7-4938-B8DD-D2FC42E196A3}
	EndGlobalSection
EndGlobal
